
Microsoft Visual Studio Solution File, Format Version 12.00
# Visual Studio Version 17
VisualStudioVersion = 17.0.32126.317
MinimumVisualStudioVersion = 10.0.40219.1
Project("{FAE04EC0-301F-11D3-BF4B-00C04F79EFBC}") = "HentaiDownloader", "HentaiDownloader\HentaiDownloader.csproj", "{0A38DA8C-C6EA-4E64-8EE3-350E497B988B}"
EndProject
Global
	GlobalSection(SolutionConfigurationPlatforms) = preSolution
		Debug|Any CPU = Debug|Any CPU
		Release|Any CPU = Release|Any CPU
	EndGlobalSection
	GlobalSection(ProjectConfigurationPlatforms) = postSolution
		{0A38DA8C-C6EA-4E64-8EE3-350E497B988B}.Debug|Any CPU.ActiveCfg = Debug|Any CPU
		{0A38DA8C-C6EA-4E64-8EE3-350E497B988B}.Debug|Any CPU.Build.0 = Debug|Any CPU
		{0A38DA8C-C6EA-4E64-8EE3-350E497B988B}.Release|Any CPU.ActiveCfg = Release|Any CPU
		{0A38DA8C-C6EA-4E64-8EE3-350E497B988B}.Release|Any CPU.Build.0 = Release|Any CPU
	EndGlobalSection
	GlobalSection(SolutionProperties) = preSolution
		HideSolutionNode = FALSE
	EndGlobalSection
	GlobalSection(ExtensibilityGlobals) = postSolution
		SolutionGuid = {898C0B10-60F2-4A82-B70C-C8E0F1AFEB1A}
	EndGlobalSection
EndGlobal
